# This file is automatically @generated by Cargo.
# It is not intended for manual editing.
version = 3

[[package]]
name = "arrayref"
version = "0.3.9"
source = "registry+https://github.com/rust-lang/crates.io-index"
checksum = "76a2e8124351fda1ef8aaaa3bbd7ebbcb486bbcd4225aca0aa0d84bb2db8fecb"

[[package]]
name = "arrayvec"
version = "0.7.6"
source = "registry+https://github.com/rust-lang/crates.io-index"
checksum = "7c02d123df017efcdfbd739ef81735b36c5ba83ec3c59c80a9d7ecc718f92e50"

[[package]]
name = "blake3"
version = "1.8.2"
source = "registry+https://github.com/rust-lang/crates.io-index"
checksum = "3888aaa89e4b2a40fca9848e400f6a658a5a3978de7be858e209cafa8be9a4a0"
dependencies = [
 "arrayref",
 "arrayvec",
 "cc",
 "cfg-if",
 "constant_time_eq",
]

[[package]]
name = "cc"
version = "1.2.63"
source = "registry+https://github.com/rust-lang/crates.io-index"
checksum = "556e016178bb5662a08681bbe0f00f8e17631781a4dfc8c45e466e4b185ec27f"
dependencies = [
 "find-msvc-tools",
 "shlex",
]

[[package]]
name = "cfg-if"
version = "1.0.4"
source = "registry+https://github.com/rust-lang/crates.io-index"
checksum = "9330f8b2ff13f34540b44e946ef35111825727b38d33286ef986142615121801"

[[package]]
name = "cli"
version = "0.0.0"

[[package]]
name = "constant_time_eq"
version = "0.3.1"
source = "registry+https://github.com/rust-lang/crates.io-index"
checksum = "7c74b8349d32d297c9134b8c88677813a227df8f779daa29bfc29c183fe3dca6"

[[package]]
name = "corpus-runner"
version = "0.0.0"

[[package]]
name = "diag"
version = "0.0.0"

[[package]]
name = "elaborate"
version = "0.0.0"

[[package]]
name = "find-msvc-tools"
version = "0.1.9"
source = "registry+https://github.com/rust-lang/crates.io-index"
checksum = "5baebc0774151f905a1a2cc41989300b1e6fbb29aff0ceffa1064fdd3088d582"

[[package]]
name = "hdl-ast"
version = "0.0.0"

[[package]]
name = "hdl-builtins"
version = "0.0.0"

[[package]]
name = "hdl-lexer"
version = "0.0.0"

[[package]]
name = "hdl-parser"
version = "0.0.0"

[[package]]
name = "hdl-preprocess"
version = "0.0.0"

[[package]]
name = "shlex"
version = "2.0.1"
source = "registry+https://github.com/rust-lang/crates.io-index"
checksum = "f8fadd59c855ef2080decdef8ff161eb6661b86933c9d82e5ba29dc602a55aba"

[[package]]
name = "sim-engine"
version = "0.0.0"

[[package]]
name = "sim-ir"
version = "0.0.0"

[[package]]
name = "vcd-diff"
version = "0.0.0"

[[package]]
name = "vcd-writer"
version = "0.0.0"

[[package]]
name = "vita-artifact"
version = "0.0.0"

[[package]]
name = "vita-artifact-derive"
version = "0.0.0"

[[package]]
name = "vita-log"
version = "0.0.0"

[[package]]
name = "vita-schema"
version = "0.0.0"
dependencies = [
 "blake3",
]
