# This file is automatically @generated by Cargo.
# It is not intended for manual editing.
version = 3

[[package]]
name = "cli"
version = "0.0.0"

[[package]]
name = "corpus-runner"
version = "0.0.0"

[[package]]
name = "diag"
version = "0.0.0"

[[package]]
name = "elaborate"
version = "0.0.0"

[[package]]
name = "hdl-ast"
version = "0.0.0"

[[package]]
name = "hdl-builtins"
version = "0.0.0"

[[package]]
name = "hdl-lexer"
version = "0.0.0"

[[package]]
name = "hdl-parser"
version = "0.0.0"

[[package]]
name = "hdl-preprocess"
version = "0.0.0"

[[package]]
name = "sim-engine"
version = "0.0.0"

[[package]]
name = "sim-ir"
version = "0.0.0"

[[package]]
name = "vcd-diff"
version = "0.0.0"

[[package]]
name = "vcd-writer"
version = "0.0.0"

[[package]]
name = "vita-artifact"
version = "0.0.0"

[[package]]
name = "vita-artifact-derive"
version = "0.0.0"

[[package]]
name = "vita-log"
version = "0.0.0"

[[package]]
name = "vita-schema"
version = "0.0.0"
